
Microsoft Visual Studio Solution File, Format Version 12.00
# Visual Studio 14
VisualStudioVersion = 14.0.25420.1
MinimumVisualStudioVersion = 10.0.40219.1
Project("{FAE04EC0-301F-11D3-BF4B-00C04F79EFBC}") = "ClassesExercises", "ClassesExercises\ClassesExercises.csproj", "{D4BB4589-8CD4-4077-BC42-8268D1E35D41}"
EndProject
Project("{FAE04EC0-301F-11D3-BF4B-00C04F79EFBC}") = "Linq", "Linq\Linq.csproj", "{0CD0B5F1-5D0C-4E16-83BD-3AA242E215C2}"
EndProject
Project("{FAE04EC0-301F-11D3-BF4B-00C04F79EFBC}") = "Collections", "Collections\Collections.csproj", "{DFACFB03-69F2-40BA-AF0C-6E4DE7AF27F2}"
EndProject
Global
	GlobalSection(SolutionConfigurationPlatforms) = preSolution
		Debug|Any CPU = Debug|Any CPU
		Release|Any CPU = Release|Any CPU
	EndGlobalSection
	GlobalSection(ProjectConfigurationPlatforms) = postSolution
		{D4BB4589-8CD4-4077-BC42-8268D1E35D41}.Debug|Any CPU.ActiveCfg = Debug|Any CPU
		{D4BB4589-8CD4-4077-BC42-8268D1E35D41}.Debug|Any CPU.Build.0 = Debug|Any CPU
		{D4BB4589-8CD4-4077-BC42-8268D1E35D41}.Release|Any CPU.ActiveCfg = Release|Any CPU
		{D4BB4589-8CD4-4077-BC42-8268D1E35D41}.Release|Any CPU.Build.0 = Release|Any CPU
		{0CD0B5F1-5D0C-4E16-83BD-3AA242E215C2}.Debug|Any CPU.ActiveCfg = Debug|Any CPU
		{0CD0B5F1-5D0C-4E16-83BD-3AA242E215C2}.Debug|Any CPU.Build.0 = Debug|Any CPU
		{0CD0B5F1-5D0C-4E16-83BD-3AA242E215C2}.Release|Any CPU.ActiveCfg = Release|Any CPU
		{0CD0B5F1-5D0C-4E16-83BD-3AA242E215C2}.Release|Any CPU.Build.0 = Release|Any CPU
		{DFACFB03-69F2-40BA-AF0C-6E4DE7AF27F2}.Debug|Any CPU.ActiveCfg = Debug|Any CPU
		{DFACFB03-69F2-40BA-AF0C-6E4DE7AF27F2}.Debug|Any CPU.Build.0 = Debug|Any CPU
		{DFACFB03-69F2-40BA-AF0C-6E4DE7AF27F2}.Release|Any CPU.ActiveCfg = Release|Any CPU
		{DFACFB03-69F2-40BA-AF0C-6E4DE7AF27F2}.Release|Any CPU.Build.0 = Release|Any CPU
	EndGlobalSection
	GlobalSection(SolutionProperties) = preSolution
		HideSolutionNode = FALSE
	EndGlobalSection
EndGlobal
