
Microsoft Visual Studio Solution File, Format Version 12.00
# Visual Studio 14
VisualStudioVersion = 14.0.25420.1
MinimumVisualStudioVersion = 10.0.40219.1
Project("{FAE04EC0-301F-11D3-BF4B-00C04F79EFBC}") = "EFE.Core", "EFE.Core\EFE.Core.csproj", "{6557FDC6-78FA-469E-B2CE-A1E5031769ED}"
EndProject
Project("{FAE04EC0-301F-11D3-BF4B-00C04F79EFBC}") = "EFE.Entity", "EFE.Entity\EFE.Entity.csproj", "{4DE64D4D-38FA-49CB-888F-B4579F27058E}"
EndProject
Project("{FAE04EC0-301F-11D3-BF4B-00C04F79EFBC}") = "RepositoryPattern", "RepositoryPattern\RepositoryPattern.csproj", "{2E41B26D-4490-4689-8666-0A6012CB874F}"
EndProject
Project("{FAE04EC0-301F-11D3-BF4B-00C04F79EFBC}") = "AbstractInheritance", "AbstractInheritance\AbstractInheritance.csproj", "{AB7DB612-43C3-4B71-B529-3A83CBB6D6F5}"
EndProject
Project("{FAE04EC0-301F-11D3-BF4B-00C04F79EFBC}") = "Interfaces", "Interfaces\Interfaces.csproj", "{58C279EA-2669-44A4-BDDE-79ED6EA28232}"
EndProject
Project("{FAE04EC0-301F-11D3-BF4B-00C04F79EFBC}") = "Threads", "Threads\Threads.csproj", "{A4BC5103-A8F9-4927-BB03-D6B50D8A7498}"
EndProject
Project("{FAE04EC0-301F-11D3-BF4B-00C04F79EFBC}") = "Events", "Events\Events.csproj", "{43829E72-E478-4E34-9856-5725296FCBBE}"
EndProject
Global
	GlobalSection(SolutionConfigurationPlatforms) = preSolution
		Debug|Any CPU = Debug|Any CPU
		Release|Any CPU = Release|Any CPU
	EndGlobalSection
	GlobalSection(ProjectConfigurationPlatforms) = postSolution
		{6557FDC6-78FA-469E-B2CE-A1E5031769ED}.Debug|Any CPU.ActiveCfg = Debug|Any CPU
		{6557FDC6-78FA-469E-B2CE-A1E5031769ED}.Debug|Any CPU.Build.0 = Debug|Any CPU
		{6557FDC6-78FA-469E-B2CE-A1E5031769ED}.Release|Any CPU.ActiveCfg = Release|Any CPU
		{6557FDC6-78FA-469E-B2CE-A1E5031769ED}.Release|Any CPU.Build.0 = Release|Any CPU
		{4DE64D4D-38FA-49CB-888F-B4579F27058E}.Debug|Any CPU.ActiveCfg = Debug|Any CPU
		{4DE64D4D-38FA-49CB-888F-B4579F27058E}.Debug|Any CPU.Build.0 = Debug|Any CPU
		{4DE64D4D-38FA-49CB-888F-B4579F27058E}.Release|Any CPU.ActiveCfg = Release|Any CPU
		{4DE64D4D-38FA-49CB-888F-B4579F27058E}.Release|Any CPU.Build.0 = Release|Any CPU
		{2E41B26D-4490-4689-8666-0A6012CB874F}.Debug|Any CPU.ActiveCfg = Debug|Any CPU
		{2E41B26D-4490-4689-8666-0A6012CB874F}.Debug|Any CPU.Build.0 = Debug|Any CPU
		{2E41B26D-4490-4689-8666-0A6012CB874F}.Release|Any CPU.ActiveCfg = Release|Any CPU
		{2E41B26D-4490-4689-8666-0A6012CB874F}.Release|Any CPU.Build.0 = Release|Any CPU
		{A4BC5103-A8F9-4927-BB03-D6B50D8A7498}.Debug|Any CPU.ActiveCfg = Debug|Any CPU
		{A4BC5103-A8F9-4927-BB03-D6B50D8A7498}.Debug|Any CPU.Build.0 = Debug|Any CPU
		{A4BC5103-A8F9-4927-BB03-D6B50D8A7498}.Release|Any CPU.ActiveCfg = Release|Any CPU
		{A4BC5103-A8F9-4927-BB03-D6B50D8A7498}.Release|Any CPU.Build.0 = Release|Any CPU
		{43829E72-E478-4E34-9856-5725296FCBBE}.Debug|Any CPU.ActiveCfg = Debug|Any CPU
		{43829E72-E478-4E34-9856-5725296FCBBE}.Debug|Any CPU.Build.0 = Debug|Any CPU
		{43829E72-E478-4E34-9856-5725296FCBBE}.Release|Any CPU.ActiveCfg = Release|Any CPU
		{43829E72-E478-4E34-9856-5725296FCBBE}.Release|Any CPU.Build.0 = Release|Any CPU
	EndGlobalSection
	GlobalSection(SolutionProperties) = preSolution
		HideSolutionNode = FALSE
	EndGlobalSection
EndGlobal
