
Microsoft Visual Studio Solution File, Format Version 12.00
# Visual Studio 14
VisualStudioVersion = 14.0.25420.1
MinimumVisualStudioVersion = 10.0.40219.1
Project("{FAE04EC0-301F-11D3-BF4B-00C04F79EFBC}") = "ClassesExercises", "ClassesExercises\ClassesExercises.csproj", "{D4BB4589-8CD4-4077-BC42-8268D1E35D41}"
EndProject
<<<<<<< HEAD
<<<<<<< HEAD
=======
Project("{FAE04EC0-301F-11D3-BF4B-00C04F79EFBC}") = "AbstractInheritance", "AbstractInheritance\AbstractInheritance.csproj", "{AB7DB612-43C3-4B71-B529-3A83CBB6D6F5}"
EndProject
>>>>>>> AbstractInheritance
=======
Project("{FAE04EC0-301F-11D3-BF4B-00C04F79EFBC}") = "Interfaces", "Interfaces\Interfaces.csproj", "{58C279EA-2669-44A4-BDDE-79ED6EA28232}"
EndProject
>>>>>>> remotes/origin/Interface
Global
	GlobalSection(SolutionConfigurationPlatforms) = preSolution
		Debug|Any CPU = Debug|Any CPU
		Release|Any CPU = Release|Any CPU
	EndGlobalSection
	GlobalSection(ProjectConfigurationPlatforms) = postSolution
		{D4BB4589-8CD4-4077-BC42-8268D1E35D41}.Debug|Any CPU.ActiveCfg = Debug|Any CPU
		{D4BB4589-8CD4-4077-BC42-8268D1E35D41}.Debug|Any CPU.Build.0 = Debug|Any CPU
		{D4BB4589-8CD4-4077-BC42-8268D1E35D41}.Release|Any CPU.ActiveCfg = Release|Any CPU
		{D4BB4589-8CD4-4077-BC42-8268D1E35D41}.Release|Any CPU.Build.0 = Release|Any CPU
<<<<<<< HEAD
<<<<<<< HEAD
=======
		{AB7DB612-43C3-4B71-B529-3A83CBB6D6F5}.Debug|Any CPU.ActiveCfg = Debug|Any CPU
		{AB7DB612-43C3-4B71-B529-3A83CBB6D6F5}.Debug|Any CPU.Build.0 = Debug|Any CPU
		{AB7DB612-43C3-4B71-B529-3A83CBB6D6F5}.Release|Any CPU.ActiveCfg = Release|Any CPU
		{AB7DB612-43C3-4B71-B529-3A83CBB6D6F5}.Release|Any CPU.Build.0 = Release|Any CPU
>>>>>>> AbstractInheritance
=======
		{58C279EA-2669-44A4-BDDE-79ED6EA28232}.Debug|Any CPU.ActiveCfg = Debug|Any CPU
		{58C279EA-2669-44A4-BDDE-79ED6EA28232}.Debug|Any CPU.Build.0 = Debug|Any CPU
		{58C279EA-2669-44A4-BDDE-79ED6EA28232}.Release|Any CPU.ActiveCfg = Release|Any CPU
		{58C279EA-2669-44A4-BDDE-79ED6EA28232}.Release|Any CPU.Build.0 = Release|Any CPU
>>>>>>> remotes/origin/Interface
	EndGlobalSection
	GlobalSection(SolutionProperties) = preSolution
		HideSolutionNode = FALSE
	EndGlobalSection
EndGlobal
